// !$*UTF8*$!
{
	archiveVersion = 1;
	classes = {
	};
	objectVersion = 46;
	objects = {

/* Begin PBXFileReference section */
		0ED649C0A50B93F6D988AE6F /* Project.j */ = {isa = PBXFileReference; lastKnownFileType = sourcecode.c.objc; name = Project.j; path = Project.j; sourceTree = SOURCE_ROOT; };
		10154E6F8FAE7830298B5345 /* PasswordChangeController.h */ = {isa = PBXFileReference; lastKnownFileType = sourcecode.c.h; name = PasswordChangeController.h; path = .XcodeSupport/PasswordChangeController.h; sourceTree = SOURCE_ROOT; };
		2B9841E48C189FC459A16A39 /* UIIcon.h */ = {isa = PBXFileReference; lastKnownFileType = sourcecode.c.h; name = UIIcon.h; path = .XcodeSupport/UIIcon.h; sourceTree = SOURCE_ROOT; };
		2D5C41D4BCA1B84B49A28CD7 /* UIIconMapping.j */ = {isa = PBXFileReference; lastKnownFileType = sourcecode.c.objc; name = UIIconMapping.j; path = UIIconMapping.j; sourceTree = SOURCE_ROOT; };
		36CE49BA98E7CD0690B4F6F9 /* User.j */ = {isa = PBXFileReference; lastKnownFileType = sourcecode.c.objc; name = User.j; path = User.j; sourceTree = SOURCE_ROOT; };
		385449B1A4EB3232B0110CC2 /* UserController.h */ = {isa = PBXFileReference; lastKnownFileType = sourcecode.c.h; name = UserController.h; path = .XcodeSupport/UserController.h; sourceTree = SOURCE_ROOT; };
		3D0A4378ACE564B2BA7087E9 /* AppController.j */ = {isa = PBXFileReference; lastKnownFileType = sourcecode.c.objc; name = AppController.j; path = AppController.j; sourceTree = SOURCE_ROOT; };
		4546480FB065715C43E45070 /* Project.h */ = {isa = PBXFileReference; lastKnownFileType = sourcecode.c.h; name = Project.h; path = .XcodeSupport/Project.h; sourceTree = SOURCE_ROOT; };
		57914A15A3F9DC58B8398FA9 /* User.m */ = {isa = PBXFileReference; lastKnownFileType = sourcecode.c.objc; name = User.m; path = .XcodeSupport/User.m; sourceTree = SOURCE_ROOT; };
		676847D0B5EFE0A2C38602F9 /* AppController.h */ = {isa = PBXFileReference; lastKnownFileType = sourcecode.c.h; name = AppController.h; path = .XcodeSupport/AppController.h; sourceTree = SOURCE_ROOT; };
		6DF64E3CAE0C3368BD0A0E9E /* ProjectController.m */ = {isa = PBXFileReference; lastKnownFileType = sourcecode.c.objc; name = ProjectController.m; path = .XcodeSupport/ProjectController.m; sourceTree = SOURCE_ROOT; };
		722B40EC9A93ABBE679FDE00 /* PasswordChangeController.j */ = {isa = PBXFileReference; lastKnownFileType = sourcecode.c.objc; name = PasswordChangeController.j; path = PasswordChangeController.j; sourceTree = SOURCE_ROOT; };
		756E45ADB7FF525FDDAB561D /* UserController.j */ = {isa = PBXFileReference; lastKnownFileType = sourcecode.c.objc; name = UserController.j; path = UserController.j; sourceTree = SOURCE_ROOT; };
		83B24C5DAE4B3E4A3056434B /* ProjectController.h */ = {isa = PBXFileReference; lastKnownFileType = sourcecode.c.h; name = ProjectController.h; path = .XcodeSupport/ProjectController.h; sourceTree = SOURCE_ROOT; };
		950144BABC77308C86FF49CD /* UIIcon.m */ = {isa = PBXFileReference; lastKnownFileType = sourcecode.c.objc; name = UIIcon.m; path = .XcodeSupport/UIIcon.m; sourceTree = SOURCE_ROOT; };
		96AC497C8F085DA4B8255387 /* UIIcon.j */ = {isa = PBXFileReference; lastKnownFileType = sourcecode.c.objc; name = UIIcon.j; path = UIIcon.j; sourceTree = SOURCE_ROOT; };
		990446B796CBB3807E13EA89 /* USViewController.j */ = {isa = PBXFileReference; lastKnownFileType = sourcecode.c.objc; name = USViewController.j; path = USViewController.j; sourceTree = SOURCE_ROOT; };
		99BA405D8F3FC8F4288FA8B3 /* UserController.m */ = {isa = PBXFileReference; lastKnownFileType = sourcecode.c.objc; name = UserController.m; path = .XcodeSupport/UserController.m; sourceTree = SOURCE_ROOT; };
		9AE6485B97053894F1673908 /* ProjectController.j */ = {isa = PBXFileReference; lastKnownFileType = sourcecode.c.objc; name = ProjectController.j; path = ProjectController.j; sourceTree = SOURCE_ROOT; };
		AC284CEFB2DAEF2E51D564AD /* xcc_general_include.h */ = {isa = PBXFileReference; lastKnownFileType = sourcecode.c.h; name = xcc_general_include.h; path = .XcodeSupport/xcc_general_include.h; sourceTree = SOURCE_ROOT; };
		BFB145AA87B7410D4A536FCE /* AppController.m */ = {isa = PBXFileReference; lastKnownFileType = sourcecode.c.objc; name = AppController.m; path = .XcodeSupport/AppController.m; sourceTree = SOURCE_ROOT; };
		C5A7489C87BCD9A7F43435C6 /* UIIconMapping.m */ = {isa = PBXFileReference; lastKnownFileType = sourcecode.c.objc; name = UIIconMapping.m; path = .XcodeSupport/UIIconMapping.m; sourceTree = SOURCE_ROOT; };
		D2B54A4AB74E7FA02F8ABE18 /* PasswordChangeController.m */ = {isa = PBXFileReference; lastKnownFileType = sourcecode.c.objc; name = PasswordChangeController.m; path = .XcodeSupport/PasswordChangeController.m; sourceTree = SOURCE_ROOT; };
		D63C419893DE45645B808EB4 /* User.h */ = {isa = PBXFileReference; lastKnownFileType = sourcecode.c.h; name = User.h; path = .XcodeSupport/User.h; sourceTree = SOURCE_ROOT; };
		DC4F4A7AB651D51B646E7B04 /* USViewController.m */ = {isa = PBXFileReference; lastKnownFileType = sourcecode.c.objc; name = USViewController.m; path = .XcodeSupport/USViewController.m; sourceTree = SOURCE_ROOT; };
		E164FE29172185F500263CE3 /* Resources */ = {isa = PBXFileReference; lastKnownFileType = folder; path = Resources; sourceTree = "<group>"; };
		E3F44D378FBCCE4A4F72BE75 /* Project.m */ = {isa = PBXFileReference; lastKnownFileType = sourcecode.c.objc; name = Project.m; path = .XcodeSupport/Project.m; sourceTree = SOURCE_ROOT; };
		FA364F45A58AFD1BD7443791 /* USViewController.h */ = {isa = PBXFileReference; lastKnownFileType = sourcecode.c.h; name = USViewController.h; path = .XcodeSupport/USViewController.h; sourceTree = SOURCE_ROOT; };
		FA5E4269B01B799FEAEE62CA /* UIIconMapping.h */ = {isa = PBXFileReference; lastKnownFileType = sourcecode.c.h; name = UIIconMapping.h; path = .XcodeSupport/UIIconMapping.h; sourceTree = SOURCE_ROOT; };
/* End PBXFileReference section */

/* Begin PBXGroup section */
		7AF949508DD1207F69CA4B3F /* Cappuccino Source */ = {
			isa = PBXGroup;
			children = (
				3D0A4378ACE564B2BA7087E9 /* AppController.j */,
				722B40EC9A93ABBE679FDE00 /* PasswordChangeController.j */,
				0ED649C0A50B93F6D988AE6F /* Project.j */,
				9AE6485B97053894F1673908 /* ProjectController.j */,
				96AC497C8F085DA4B8255387 /* UIIcon.j */,
				2D5C41D4BCA1B84B49A28CD7 /* UIIconMapping.j */,
				36CE49BA98E7CD0690B4F6F9 /* User.j */,
				756E45ADB7FF525FDDAB561D /* UserController.j */,
				990446B796CBB3807E13EA89 /* USViewController.j */,
			);
			name = "Cappuccino Source";
			sourceTree = "<group>";
		};
		9BAA49679ADA004CE9E99A74 /* Cocoa Classes */ = {
			isa = PBXGroup;
			children = (
				676847D0B5EFE0A2C38602F9 /* AppController.h */,
				BFB145AA87B7410D4A536FCE /* AppController.m */,
				10154E6F8FAE7830298B5345 /* PasswordChangeController.h */,
				D2B54A4AB74E7FA02F8ABE18 /* PasswordChangeController.m */,
				4546480FB065715C43E45070 /* Project.h */,
				E3F44D378FBCCE4A4F72BE75 /* Project.m */,
				83B24C5DAE4B3E4A3056434B /* ProjectController.h */,
				6DF64E3CAE0C3368BD0A0E9E /* ProjectController.m */,
				2B9841E48C189FC459A16A39 /* UIIcon.h */,
				950144BABC77308C86FF49CD /* UIIcon.m */,
				FA5E4269B01B799FEAEE62CA /* UIIconMapping.h */,
				C5A7489C87BCD9A7F43435C6 /* UIIconMapping.m */,
				D63C419893DE45645B808EB4 /* User.h */,
				57914A15A3F9DC58B8398FA9 /* User.m */,
				385449B1A4EB3232B0110CC2 /* UserController.h */,
				99BA405D8F3FC8F4288FA8B3 /* UserController.m */,
				FA364F45A58AFD1BD7443791 /* USViewController.h */,
				DC4F4A7AB651D51B646E7B04 /* USViewController.m */,
				AC284CEFB2DAEF2E51D564AD /* xcc_general_include.h */,
			);
			name = "Cocoa Classes";
			sourceTree = "<group>";
		};
		E164FE221721857400263CE3 /*  */ = {
			isa = PBXGroup;
			children = (
				E164FE29172185F500263CE3 /* Resources */,
				9BAA49679ADA004CE9E99A74 /* Cocoa Classes */,
				7AF949508DD1207F69CA4B3F /* Cappuccino Source */,
			);
			sourceTree = "<group>";
		};
/* End PBXGroup section */

/* Begin PBXProject section */
		E164FE231721857400263CE3 /* Project Object */ = {
			isa = PBXProject;
			attributes = {
				LastUpgradeCheck = 0460;
			};
			buildConfigurationList = E164FE261721857400263CE3 /* Build configuration list for PBXNativeTarget "TARGET_NAME" */;
			compatibilityVersion = "Xcode 3.2";
			developmentRegion = English;
			hasScannedForEncodings = 0;
			knownRegions = (
				en,
			);
			mainGroup = E164FE221721857400263CE3 /*  */;
			projectDirPath = "";
			projectRoot = "";
			targets = (
			);
		};
/* End PBXProject section */

/* Begin XCBuildConfiguration section */
		E164FE271721857400263CE3 /* Debug */ = {
			isa = XCBuildConfiguration;
			buildSettings = {
			};
			name = Debug;
		};
		E164FE281721857400263CE3 /* Release */ = {
			isa = XCBuildConfiguration;
			buildSettings = {
			};
			name = Release;
		};
/* End XCBuildConfiguration section */

/* Begin XCConfigurationList section */
		E164FE261721857400263CE3 /* Build configuration list for PBXNativeTarget "TARGET_NAME" */ = {
			isa = XCConfigurationList;
			buildConfigurations = (
				E164FE271721857400263CE3 /* Debug */,
				E164FE281721857400263CE3 /* Release */,
			);
			defaultConfigurationIsVisible = 0;
			defaultConfigurationName = Release;
		};
/* End XCConfigurationList section */
	};
	rootObject = E164FE231721857400263CE3 /* Project Object */;
}